
Microsoft Visual Studio Solution File, Format Version 12.00
# Visual Studio Version 16
VisualStudioVersion = 16.0.30413.136
MinimumVisualStudioVersion = 10.0.40219.1
Project("{FAE04EC0-301F-11D3-BF4B-00C04F79EFBC}") = "For_StopWatch", "For_StopWatch\For_StopWatch.csproj", "{10140069-E894-49F1-B029-C85F856CDD2A}"
EndProject
Global
	GlobalSection(SolutionConfigurationPlatforms) = preSolution
		Debug|Any CPU = Debug|Any CPU
		Release|Any CPU = Release|Any CPU
	EndGlobalSection
	GlobalSection(ProjectConfigurationPlatforms) = postSolution
		{10140069-E894-49F1-B029-C85F856CDD2A}.Debug|Any CPU.ActiveCfg = Debug|Any CPU
		{10140069-E894-49F1-B029-C85F856CDD2A}.Debug|Any CPU.Build.0 = Debug|Any CPU
		{10140069-E894-49F1-B029-C85F856CDD2A}.Release|Any CPU.ActiveCfg = Release|Any CPU
		{10140069-E894-49F1-B029-C85F856CDD2A}.Release|Any CPU.Build.0 = Release|Any CPU
	EndGlobalSection
	GlobalSection(SolutionProperties) = preSolution
		HideSolutionNode = FALSE
	EndGlobalSection
	GlobalSection(ExtensibilityGlobals) = postSolution
		SolutionGuid = {583C8214-CFEA-4FD0-B348-7172DCEB818F}
	EndGlobalSection
EndGlobal
